Microsoft Visual Studio Solution File, Format Version 12.00
# Visual Studio Version 17
VisualStudioVersion = 17.5.2.0
MinimumVisualStudioVersion = 10.0.40219.1
Project("{FAE04EC0-301F-11D3-BF4B-00C04F79EFBC}") = "pokemontcg", "pokemontcg.csproj", "{C1808538-EC3F-8845-015D-B18CAAF90DEA}"
EndProject
Global
	GlobalSection(SolutionConfigurationPlatforms) = preSolution
		Debug|Any CPU = Debug|Any CPU
		Release|Any CPU = Release|Any CPU
	EndGlobalSection
	GlobalSection(ProjectConfigurationPlatforms) = postSolution
		{C1808538-EC3F-8845-015D-B18CAAF90DEA}.Debug|Any CPU.ActiveCfg = Debug|Any CPU
		{C1808538-EC3F-8845-015D-B18CAAF90DEA}.Debug|Any CPU.Build.0 = Debug|Any CPU
		{C1808538-EC3F-8845-015D-B18CAAF90DEA}.Release|Any CPU.ActiveCfg = Release|Any CPU
		{C1808538-EC3F-8845-015D-B18CAAF90DEA}.Release|Any CPU.Build.0 = Release|Any CPU
	EndGlobalSection
	GlobalSection(SolutionProperties) = preSolution
		HideSolutionNode = FALSE
	EndGlobalSection
	GlobalSection(ExtensibilityGlobals) = postSolution
		SolutionGuid = {DCB29633-4ECA-4E3A-8228-B3EBE0CF08F5}
	EndGlobalSection
EndGlobal
